
Microsoft Visual Studio Solution File, Format Version 12.00
# Visual Studio Version 17
VisualStudioVersion = 17.5.002.0
MinimumVisualStudioVersion = 10.0.40219.1
Project("{2150E333-8FDC-42A3-9474-1A3956D46DE8}") = "csharp-prep", "csharp-prep", "{490E9448-5045-47BA-9C0F-19BB0D8AC6C6}"
EndProject
Project("{9A19103F-16F7-4668-BE54-9A1E7A4F7556}") = "Prep1", "csharp-prep\Prep1\Prep1.csproj", "{9B5BDF5C-F9E0-4519-8EF1-86FF40E819E4}"
EndProject
Project("{9A19103F-16F7-4668-BE54-9A1E7A4F7556}") = "Prep2", "csharp-prep\Prep2\Prep2.csproj", "{0FBCC5BB-9277-4A42-89CA-6A203D89C656}"
EndProject
Project("{9A19103F-16F7-4668-BE54-9A1E7A4F7556}") = "Prep3", "csharp-prep\Prep3\Prep3.csproj", "{91A7BFC0-F4E3-47A7-BDAC-91C82AEC41F2}"
EndProject
Project("{9A19103F-16F7-4668-BE54-9A1E7A4F7556}") = "Prep4", "csharp-prep\Prep4\Prep4.csproj", "{DE5DDC82-9C54-4A1D-A789-04903DD51C5D}"
EndProject
Project("{9A19103F-16F7-4668-BE54-9A1E7A4F7556}") = "Prep5", "csharp-prep\Prep5\Prep5.csproj", "{6D0CE785-C7D1-4785-8750-5C0EEE5E6F48}"
EndProject
Project("{2150E333-8FDC-42A3-9474-1A3956D46DE8}") = "final", "final", "{D9D8E9C3-1924-4909-B9E4-6A327108006E}"
EndProject
Project("{9A19103F-16F7-4668-BE54-9A1E7A4F7556}") = "FinalProject", "final\FinalProject\FinalProject.csproj", "{65EDE3EC-D211-4E38-B5A5-D2371BE3764C}"
EndProject
Project("{9A19103F-16F7-4668-BE54-9A1E7A4F7556}") = "Foundation1", "final\Foundation1\Foundation1.csproj", "{23A53408-0E8E-4341-BF1C-0A998F682C0F}"
EndProject
Project("{9A19103F-16F7-4668-BE54-9A1E7A4F7556}") = "Foundation2", "final\Foundation2\Foundation2.csproj", "{ED852A26-F8F8-4C51-B302-8340CE777271}"
EndProject
Project("{9A19103F-16F7-4668-BE54-9A1E7A4F7556}") = "Foundation3", "final\Foundation3\Foundation3.csproj", "{53F390C1-8CD1-434C-A21D-C4E9AECE42BA}"
EndProject
Project("{9A19103F-16F7-4668-BE54-9A1E7A4F7556}") = "Foundation4", "final\Foundation4\Foundation4.csproj", "{8DE3D471-9991-438F-B6F0-BDD05A27376C}"
EndProject
Project("{2150E333-8FDC-42A3-9474-1A3956D46DE8}") = "prepare", "prepare", "{34FF7F88-C270-44F5-BEEF-B0076D32F25E}"
EndProject
Project("{9A19103F-16F7-4668-BE54-9A1E7A4F7556}") = "Learning02", "prepare\Learning02\Learning02.csproj", "{B592FD5C-451C-469E-B8CC-F7DA739F1119}"
EndProject
Project("{9A19103F-16F7-4668-BE54-9A1E7A4F7556}") = "Learning03", "prepare\Learning03\Learning03.csproj", "{54057B2D-06BD-4F1E-BCAF-6CDAE5E6D5A8}"
EndProject
Project("{9A19103F-16F7-4668-BE54-9A1E7A4F7556}") = "Learning04", "prepare\Learning04\Learning04.csproj", "{10532C23-5D0B-41BB-BA95-131A8F268C39}"
EndProject
Project("{9A19103F-16F7-4668-BE54-9A1E7A4F7556}") = "Learning05", "prepare\Learning05\Learning05.csproj", "{23D784F0-A5C6-4257-B122-2C20D2914CF3}"
EndProject
Project("{2150E333-8FDC-42A3-9474-1A3956D46DE8}") = "prove", "prove", "{85493824-684E-4428-96EF-9085BD254C71}"
EndProject
Project("{9A19103F-16F7-4668-BE54-9A1E7A4F7556}") = "Develop02", "prove\Develop02\Develop02.csproj", "{5E71265C-7F81-4750-93FD-EB434A6BF97A}"
EndProject
Project("{9A19103F-16F7-4668-BE54-9A1E7A4F7556}") = "Develop03", "prove\Develop03\Develop03.csproj", "{A475157C-7EEB-4008-AED7-5B68237F1BEE}"
EndProject
Project("{9A19103F-16F7-4668-BE54-9A1E7A4F7556}") = "Develop04", "prove\Develop04\Develop04.csproj", "{C5F40159-F0AF-4DFF-B37D-770C55401828}"
EndProject
Project("{9A19103F-16F7-4668-BE54-9A1E7A4F7556}") = "Develop05", "prove\Develop05\Develop05.csproj", "{50B3554D-9395-4979-AF03-B5E78E6A5539}"
EndProject
Project("{2150E333-8FDC-42A3-9474-1A3956D46DE8}") = "sandbox", "sandbox", "{66B86665-3018-45AF-BAE8-DBB3BF8FDCB5}"
EndProject
Project("{9A19103F-16F7-4668-BE54-9A1E7A4F7556}") = "Sandbox", "sandbox\Sandbox\Sandbox.csproj", "{27DFB3B0-87C6-4119-A14D-2FBAAA9F5A50}"
EndProject
Global
	GlobalSection(SolutionConfigurationPlatforms) = preSolution
		Debug|Any CPU = Debug|Any CPU
		Release|Any CPU = Release|Any CPU
	EndGlobalSection
	GlobalSection(ProjectConfigurationPlatforms) = postSolution
		{9B5BDF5C-F9E0-4519-8EF1-86FF40E819E4}.Debug|Any CPU.ActiveCfg = Debug|Any CPU
		{9B5BDF5C-F9E0-4519-8EF1-86FF40E819E4}.Debug|Any CPU.Build.0 = Debug|Any CPU
		{9B5BDF5C-F9E0-4519-8EF1-86FF40E819E4}.Release|Any CPU.ActiveCfg = Release|Any CPU
		{9B5BDF5C-F9E0-4519-8EF1-86FF40E819E4}.Release|Any CPU.Build.0 = Release|Any CPU
		{0FBCC5BB-9277-4A42-89CA-6A203D89C656}.Debug|Any CPU.ActiveCfg = Debug|Any CPU
		{0FBCC5BB-9277-4A42-89CA-6A203D89C656}.Debug|Any CPU.Build.0 = Debug|Any CPU
		{0FBCC5BB-9277-4A42-89CA-6A203D89C656}.Release|Any CPU.ActiveCfg = Release|Any CPU
		{0FBCC5BB-9277-4A42-89CA-6A203D89C656}.Release|Any CPU.Build.0 = Release|Any CPU
		{91A7BFC0-F4E3-47A7-BDAC-91C82AEC41F2}.Debug|Any CPU.ActiveCfg = Debug|Any CPU
		{91A7BFC0-F4E3-47A7-BDAC-91C82AEC41F2}.Debug|Any CPU.Build.0 = Debug|Any CPU
		{91A7BFC0-F4E3-47A7-BDAC-91C82AEC41F2}.Release|Any CPU.ActiveCfg = Release|Any CPU
		{91A7BFC0-F4E3-47A7-BDAC-91C82AEC41F2}.Release|Any CPU.Build.0 = Release|Any CPU
		{DE5DDC82-9C54-4A1D-A789-04903DD51C5D}.Debug|Any CPU.ActiveCfg = Debug|Any CPU
		{DE5DDC82-9C54-4A1D-A789-04903DD51C5D}.Debug|Any CPU.Build.0 = Debug|Any CPU
		{DE5DDC82-9C54-4A1D-A789-04903DD51C5D}.Release|Any CPU.ActiveCfg = Release|Any CPU
		{DE5DDC82-9C54-4A1D-A789-04903DD51C5D}.Release|Any CPU.Build.0 = Release|Any CPU
		{6D0CE785-C7D1-4785-8750-5C0EEE5E6F48}.Debug|Any CPU.ActiveCfg = Debug|Any CPU
		{6D0CE785-C7D1-4785-8750-5C0EEE5E6F48}.Debug|Any CPU.Build.0 = Debug|Any CPU
		{6D0CE785-C7D1-4785-8750-5C0EEE5E6F48}.Release|Any CPU.ActiveCfg = Release|Any CPU
		{6D0CE785-C7D1-4785-8750-5C0EEE5E6F48}.Release|Any CPU.Build.0 = Release|Any CPU
		{65EDE3EC-D211-4E38-B5A5-D2371BE3764C}.Debug|Any CPU.ActiveCfg = Debug|Any CPU
		{65EDE3EC-D211-4E38-B5A5-D2371BE3764C}.Debug|Any CPU.Build.0 = Debug|Any CPU
		{65EDE3EC-D211-4E38-B5A5-D2371BE3764C}.Release|Any CPU.ActiveCfg = Release|Any CPU
		{65EDE3EC-D211-4E38-B5A5-D2371BE3764C}.Release|Any CPU.Build.0 = Release|Any CPU
		{23A53408-0E8E-4341-BF1C-0A998F682C0F}.Debug|Any CPU.ActiveCfg = Debug|Any CPU
		{23A53408-0E8E-4341-BF1C-0A998F682C0F}.Debug|Any CPU.Build.0 = Debug|Any CPU
		{23A53408-0E8E-4341-BF1C-0A998F682C0F}.Release|Any CPU.ActiveCfg = Release|Any CPU
		{23A53408-0E8E-4341-BF1C-0A998F682C0F}.Release|Any CPU.Build.0 = Release|Any CPU
		{ED852A26-F8F8-4C51-B302-8340CE777271}.Debug|Any CPU.ActiveCfg = Debug|Any CPU
		{ED852A26-F8F8-4C51-B302-8340CE777271}.Debug|Any CPU.Build.0 = Debug|Any CPU
		{ED852A26-F8F8-4C51-B302-8340CE777271}.Release|Any CPU.ActiveCfg = Release|Any CPU
		{ED852A26-F8F8-4C51-B302-8340CE777271}.Release|Any CPU.Build.0 = Release|Any CPU
		{53F390C1-8CD1-434C-A21D-C4E9AECE42BA}.Debug|Any CPU.ActiveCfg = Debug|Any CPU
		{53F390C1-8CD1-434C-A21D-C4E9AECE42BA}.Debug|Any CPU.Build.0 = Debug|Any CPU
		{53F390C1-8CD1-434C-A21D-C4E9AECE42BA}.Release|Any CPU.ActiveCfg = Release|Any CPU
		{53F390C1-8CD1-434C-A21D-C4E9AECE42BA}.Release|Any CPU.Build.0 = Release|Any CPU
		{8DE3D471-9991-438F-B6F0-BDD05A27376C}.Debug|Any CPU.ActiveCfg = Debug|Any CPU
		{8DE3D471-9991-438F-B6F0-BDD05A27376C}.Debug|Any CPU.Build.0 = Debug|Any CPU
		{8DE3D471-9991-438F-B6F0-BDD05A27376C}.Release|Any CPU.ActiveCfg = Release|Any CPU
		{8DE3D471-9991-438F-B6F0-BDD05A27376C}.Release|Any CPU.Build.0 = Release|Any CPU
		{B592FD5C-451C-469E-B8CC-F7DA739F1119}.Debug|Any CPU.ActiveCfg = Debug|Any CPU
		{B592FD5C-451C-469E-B8CC-F7DA739F1119}.Debug|Any CPU.Build.0 = Debug|Any CPU
		{B592FD5C-451C-469E-B8CC-F7DA739F1119}.Release|Any CPU.ActiveCfg = Release|Any CPU
		{B592FD5C-451C-469E-B8CC-F7DA739F1119}.Release|Any CPU.Build.0 = Release|Any CPU
		{54057B2D-06BD-4F1E-BCAF-6CDAE5E6D5A8}.Debug|Any CPU.ActiveCfg = Debug|Any CPU
		{54057B2D-06BD-4F1E-BCAF-6CDAE5E6D5A8}.Debug|Any CPU.Build.0 = Debug|Any CPU
		{54057B2D-06BD-4F1E-BCAF-6CDAE5E6D5A8}.Release|Any CPU.ActiveCfg = Release|Any CPU
		{54057B2D-06BD-4F1E-BCAF-6CDAE5E6D5A8}.Release|Any CPU.Build.0 = Release|Any CPU
		{10532C23-5D0B-41BB-BA95-131A8F268C39}.Debug|Any CPU.ActiveCfg = Debug|Any CPU
		{10532C23-5D0B-41BB-BA95-131A8F268C39}.Debug|Any CPU.Build.0 = Debug|Any CPU
		{10532C23-5D0B-41BB-BA95-131A8F268C39}.Release|Any CPU.ActiveCfg = Release|Any CPU
		{10532C23-5D0B-41BB-BA95-131A8F268C39}.Release|Any CPU.Build.0 = Release|Any CPU
		{23D784F0-A5C6-4257-B122-2C20D2914CF3}.Debug|Any CPU.ActiveCfg = Debug|Any CPU
		{23D784F0-A5C6-4257-B122-2C20D2914CF3}.Debug|Any CPU.Build.0 = Debug|Any CPU
		{23D784F0-A5C6-4257-B122-2C20D2914CF3}.Release|Any CPU.ActiveCfg = Release|Any CPU
		{23D784F0-A5C6-4257-B122-2C20D2914CF3}.Release|Any CPU.Build.0 = Release|Any CPU
		{5E71265C-7F81-4750-93FD-EB434A6BF97A}.Debug|Any CPU.ActiveCfg = Debug|Any CPU
		{5E71265C-7F81-4750-93FD-EB434A6BF97A}.Debug|Any CPU.Build.0 = Debug|Any CPU
		{5E71265C-7F81-4750-93FD-EB434A6BF97A}.Release|Any CPU.ActiveCfg = Release|Any CPU
		{5E71265C-7F81-4750-93FD-EB434A6BF97A}.Release|Any CPU.Build.0 = Release|Any CPU
		{A475157C-7EEB-4008-AED7-5B68237F1BEE}.Debug|Any CPU.ActiveCfg = Debug|Any CPU
		{A475157C-7EEB-4008-AED7-5B68237F1BEE}.Debug|Any CPU.Build.0 = Debug|Any CPU
		{A475157C-7EEB-4008-AED7-5B68237F1BEE}.Release|Any CPU.ActiveCfg = Release|Any CPU
		{A475157C-7EEB-4008-AED7-5B68237F1BEE}.Release|Any CPU.Build.0 = Release|Any CPU
		{C5F40159-F0AF-4DFF-B37D-770C55401828}.Debug|Any CPU.ActiveCfg = Debug|Any CPU
		{C5F40159-F0AF-4DFF-B37D-770C55401828}.Debug|Any CPU.Build.0 = Debug|Any CPU
		{C5F40159-F0AF-4DFF-B37D-770C55401828}.Release|Any CPU.ActiveCfg = Release|Any CPU
		{C5F40159-F0AF-4DFF-B37D-770C55401828}.Release|Any CPU.Build.0 = Release|Any CPU
		{50B3554D-9395-4979-AF03-B5E78E6A5539}.Debug|Any CPU.ActiveCfg = Debug|Any CPU
		{50B3554D-9395-4979-AF03-B5E78E6A5539}.Debug|Any CPU.Build.0 = Debug|Any CPU
		{50B3554D-9395-4979-AF03-B5E78E6A5539}.Release|Any CPU.ActiveCfg = Release|Any CPU
		{50B3554D-9395-4979-AF03-B5E78E6A5539}.Release|Any CPU.Build.0 = Release|Any CPU
		{27DFB3B0-87C6-4119-A14D-2FBAAA9F5A50}.Debug|Any CPU.ActiveCfg = Debug|Any CPU
		{27DFB3B0-87C6-4119-A14D-2FBAAA9F5A50}.Debug|Any CPU.Build.0 = Debug|Any CPU
		{27DFB3B0-87C6-4119-A14D-2FBAAA9F5A50}.Release|Any CPU.ActiveCfg = Release|Any CPU
		{27DFB3B0-87C6-4119-A14D-2FBAAA9F5A50}.Release|Any CPU.Build.0 = Release|Any CPU
	EndGlobalSection
	GlobalSection(SolutionProperties) = preSolution
		HideSolutionNode = FALSE
	EndGlobalSection
	GlobalSection(NestedProjects) = preSolution
		{9B5BDF5C-F9E0-4519-8EF1-86FF40E819E4} = {490E9448-5045-47BA-9C0F-19BB0D8AC6C6}
		{0FBCC5BB-9277-4A42-89CA-6A203D89C656} = {490E9448-5045-47BA-9C0F-19BB0D8AC6C6}
		{91A7BFC0-F4E3-47A7-BDAC-91C82AEC41F2} = {490E9448-5045-47BA-9C0F-19BB0D8AC6C6}
		{DE5DDC82-9C54-4A1D-A789-04903DD51C5D} = {490E9448-5045-47BA-9C0F-19BB0D8AC6C6}
		{6D0CE785-C7D1-4785-8750-5C0EEE5E6F48} = {490E9448-5045-47BA-9C0F-19BB0D8AC6C6}
		{65EDE3EC-D211-4E38-B5A5-D2371BE3764C} = {D9D8E9C3-1924-4909-B9E4-6A327108006E}
		{23A53408-0E8E-4341-BF1C-0A998F682C0F} = {D9D8E9C3-1924-4909-B9E4-6A327108006E}
		{ED852A26-F8F8-4C51-B302-8340CE777271} = {D9D8E9C3-1924-4909-B9E4-6A327108006E}
		{53F390C1-8CD1-434C-A21D-C4E9AECE42BA} = {D9D8E9C3-1924-4909-B9E4-6A327108006E}
		{8DE3D471-9991-438F-B6F0-BDD05A27376C} = {D9D8E9C3-1924-4909-B9E4-6A327108006E}
		{B592FD5C-451C-469E-B8CC-F7DA739F1119} = {34FF7F88-C270-44F5-BEEF-B0076D32F25E}
		{54057B2D-06BD-4F1E-BCAF-6CDAE5E6D5A8} = {34FF7F88-C270-44F5-BEEF-B0076D32F25E}
		{10532C23-5D0B-41BB-BA95-131A8F268C39} = {34FF7F88-C270-44F5-BEEF-B0076D32F25E}
		{23D784F0-A5C6-4257-B122-2C20D2914CF3} = {34FF7F88-C270-44F5-BEEF-B0076D32F25E}
		{5E71265C-7F81-4750-93FD-EB434A6BF97A} = {85493824-684E-4428-96EF-9085BD254C71}
		{A475157C-7EEB-4008-AED7-5B68237F1BEE} = {85493824-684E-4428-96EF-9085BD254C71}
		{C5F40159-F0AF-4DFF-B37D-770C55401828} = {85493824-684E-4428-96EF-9085BD254C71}
		{50B3554D-9395-4979-AF03-B5E78E6A5539} = {85493824-684E-4428-96EF-9085BD254C71}
		{27DFB3B0-87C6-4119-A14D-2FBAAA9F5A50} = {66B86665-3018-45AF-BAE8-DBB3BF8FDCB5}
	EndGlobalSection
	GlobalSection(ExtensibilityGlobals) = postSolution
		SolutionGuid = {3886A447-3DA2-4C87-86D0-25D93FDB63A1}
	EndGlobalSection
EndGlobal
